
Microsoft Visual Studio Solution File, Format Version 12.00
# Visual Studio Version 17
VisualStudioVersion = 17.9.34723.18
MinimumVisualStudioVersion = 10.0.40219.1
Project("{FAE04EC0-301F-11D3-BF4B-00C04F79EFBC}") = "GlobalTestAPI", "GlobalTestAPI.csproj", "{EF66B32C-7811-44B7-8E79-160607F05A14}"
EndProject
Global
	GlobalSection(SolutionConfigurationPlatforms) = preSolution
		Debug|Any CPU = Debug|Any CPU
		Release|Any CPU = Release|Any CPU
	EndGlobalSection
	GlobalSection(ProjectConfigurationPlatforms) = postSolution
		{EF66B32C-7811-44B7-8E79-160607F05A14}.Debug|Any CPU.ActiveCfg = Debug|Any CPU
		{EF66B32C-7811-44B7-8E79-160607F05A14}.Debug|Any CPU.Build.0 = Debug|Any CPU
		{EF66B32C-7811-44B7-8E79-160607F05A14}.Release|Any CPU.ActiveCfg = Release|Any CPU
		{EF66B32C-7811-44B7-8E79-160607F05A14}.Release|Any CPU.Build.0 = Release|Any CPU
	EndGlobalSection
	GlobalSection(SolutionProperties) = preSolution
		HideSolutionNode = FALSE
	EndGlobalSection
	GlobalSection(ExtensibilityGlobals) = postSolution
		SolutionGuid = {991639B3-75FE-45BC-8167-CA53CABD00B7}
	EndGlobalSection
EndGlobal
